# THIS IS AN AUTOGENERATED FILE. DO NOT EDIT THIS FILE DIRECTLY.
# yarn lockfile v1


"@fastify/ajv-compiler@^3.5.0":
  version "3.6.0"
  resolved "https://registry.yarnpkg.com/@fastify/ajv-compiler/-/ajv-compiler-3.6.0.tgz#907497a0e62a42b106ce16e279cf5788848e8e79"
  integrity sha512-LwdXQJjmMD+GwLOkP7TVC68qa+pSSogeWWmznRJ/coyTcfe9qA05AHFSe1eZFwK6q+xVRpChnvFUkf1iYaSZsQ==
  dependencies:
    ajv "^8.11.0"
    ajv-formats "^2.1.1"
    fast-uri "^2.0.0"

"@fastify/error@^3.3.0", "@fastify/error@^3.4.0":
  version "3.4.1"
  resolved "https://registry.yarnpkg.com/@fastify/error/-/error-3.4.1.tgz#b14bb4cac3dd4ec614becbc643d1511331a6425c"
  integrity sha512-wWSvph+29GR783IhmvdwWnN4bUxTD01Vm5Xad4i7i1VuAOItLvbPAb69sb0IQ2N57yprvhNIwAP5B6xfKTmjmQ==

"@fastify/fast-json-stringify-compiler@^4.3.0":
  version "4.3.0"
  resolved "https://registry.yarnpkg.com/@fastify/fast-json-stringify-compiler/-/fast-json-stringify-compiler-4.3.0.tgz#5df89fa4d1592cbb8780f78998355feb471646d5"
  integrity sha512-aZAXGYo6m22Fk1zZzEUKBvut/CIIQe/BapEORnxiD5Qr0kPHqqI69NtEMCme74h+at72sPhbkb4ZrLd1W3KRLA==
  dependencies:
    fast-json-stringify "^5.7.0"

"@fastify/merge-json-schemas@^0.1.0":
  version "0.1.1"
  resolved "https://registry.yarnpkg.com/@fastify/merge-json-schemas/-/merge-json-schemas-0.1.1.tgz#3551857b8a17a24e8c799e9f51795edb07baa0bc"
  integrity sha512-fERDVz7topgNjtXsJTTW1JKLy0rhuLRcquYqNR9rF7OcVpCa2OVW49ZPDIhaRRCaUuvVxI+N416xUoF76HNSXA==
  dependencies:
    fast-deep-equal "^3.1.3"

"@yarnpkg/lockfile@^1.0.0":
  version "1.1.0"
  resolved "https://registry.yarnpkg.com/@yarnpkg/lockfile/-/lockfile-1.1.0.tgz#e77a97fbd345b76d83245edcd17d393b1b41fb31"
  integrity sha512-GpSwvyXOcOOlV70vbnzjj4fW5xW/FdUF6nQEt1ENy7m4ZCczi1+/buVUPAqmGfqznsORNFzUMjctTIp8a9tuCQ==

abstract-logging@^2.0.1:
  version "2.0.1"
  resolved "https://registry.yarnpkg.com/abstract-logging/-/abstract-logging-2.0.1.tgz#6b0c371df212db7129b57d2e7fcf282b8bf1c839"
  integrity sha512-2BjRTZxTPvheOvGbBslFSYOUkr+SjPtOnrLP33f+VIWLzezQpZcqVg7ja3L4dBXmzzgwT+a029jRx5PCi3JuiA==

ajv-formats@^2.1.1:
  version "2.1.1"
  resolved "https://registry.yarnpkg.com/ajv-formats/-/ajv-formats-2.1.1.tgz#6e669400659eb74973bbf2e33327180a0996b520"
  integrity sha512-Wx0Kx52hxE7C18hkMEggYlEifqWZtYaRgouJor+WMdPnQyEK13vgEWyVNup7SoeeoLMsr4kf5h6dOW11I15MUA==
  dependencies:
    ajv "^8.0.0"

ajv-formats@^3.0.1:
  version "3.0.1"
  resolved "https://registry.yarnpkg.com/ajv-formats/-/ajv-formats-3.0.1.tgz#3d5dc762bca17679c3c2ea7e90ad6b7532309578"
  integrity sha512-8iUql50EUR+uUcdRQ3HDqa6EVyo3docL8g5WJ3FNcWmu62IbkGUue/pEyLBW8VGKKucTPgqeks4fIU1DA4yowQ==
  dependencies:
    ajv "^8.0.0"

ajv@^8.0.0, ajv@^8.10.0, ajv@^8.11.0:
  version "8.17.1"
  resolved "https://registry.yarnpkg.com/ajv/-/ajv-8.17.1.tgz#37d9a5c776af6bc92d7f4f9510eba4c0a60d11a6"
  integrity sha512-B/gBuNg5SiMTrPkC+A2+cW0RszwxYmn6VYxB/inlBStS5nx6xHIt/ehKRhIMhqusl7a8LjQoZnjCs5vhwxOQ1g==
  dependencies:
    fast-deep-equal "^3.1.3"
    fast-uri "^3.0.1"
    json-schema-traverse "^1.0.0"
    require-from-string "^2.0.2"

atomic-sleep@^1.0.0:
  version "1.0.0"
  resolved "https://registry.yarnpkg.com/atomic-sleep/-/atomic-sleep-1.0.0.tgz#eb85b77a601fc932cfe432c5acd364a9e2c9075b"
  integrity sha512-kNOjDqAh7px0XWNI+4QbzoiR/nTkHAWNud2uvnJquD1/x5a7EQZMJT0AczqK0Qn67oY/TTQ1LbUKajZpp3I9tQ==

avvio@^8.3.0:
  version "8.4.0"
  resolved "https://registry.yarnpkg.com/avvio/-/avvio-8.4.0.tgz#7cbd5bca74f0c9effa944ced601f94ffd8afc5ed"
  integrity sha512-CDSwaxINFy59iNwhYnkvALBwZiTydGkOecZyPkqBpABYR1KqGEsET0VOOYDwtleZSUIdeY36DC2bSZ24CO1igA==
  dependencies:
    "@fastify/error" "^3.3.0"
    fastq "^1.17.1"

commander@^2.10.0:
  version "2.20.3"
  resolved "https://registry.yarnpkg.com/commander/-/commander-2.20.3.tgz#fd485e84c03eb4881c20722ba48035e8531aeb33"
  integrity sha512-GpVkmM8vF2vQUkj2LvZmD35JxeJOLCwJ9cUkugyk2nuhbv3+mJvpLYYt+0+USMxE+oj+ey/lJEnhZw75x/OMcQ==

cookie@^0.6.0:
  version "0.6.0"
  resolved "https://registry.yarnpkg.com/cookie/-/cookie-0.6.0.tgz#2798b04b071b0ecbff0dbb62a505a8efa4e19051"
  integrity sha512-U71cyTamuh1CRNCfpGY6to28lxvNwPG4Guz/EVjgf3Jmzv0vlDp1atT9eS5dDjMYHucpHbWns6Lwf3BKz6svdw==

duplexify@^4.1.2:
  version "4.1.2"
  resolved "https://registry.yarnpkg.com/duplexify/-/duplexify-4.1.2.tgz#18b4f8d28289132fa0b9573c898d9f903f81c7b0"
  integrity sha512-fz3OjcNCHmRP12MJoZMPglx8m4rrFP8rovnk4vT8Fs+aonZoCwGg10dSsQsfP/E62eZcPTMSMP6686fu9Qlqtw==
  dependencies:
    end-of-stream "^1.4.1"
    inherits "^2.0.3"
    readable-stream "^3.1.1"
    stream-shift "^1.0.0"

end-of-stream@^1.4.1:
  version "1.4.4"
  resolved "https://registry.yarnpkg.com/end-of-stream/-/end-of-stream-1.4.4.tgz#5ae64a5f45057baf3626ec14da0ca5e4b2431eb0"
  integrity sha512-+uw1inIHVPQoaVuHzRyXd21icM+cnt4CzD5rW+NC1wjOUSTOs+Te7FOv7AhN7vS9x/oIyhLP5PR1H+phQAHu5Q==
  dependencies:
    once "^1.4.0"

fast-content-type-parse@^1.1.0:
  version "1.1.0"
  resolved "https://registry.yarnpkg.com/fast-content-type-parse/-/fast-content-type-parse-1.1.0.tgz#4087162bf5af3294d4726ff29b334f72e3a1092c"
  integrity sha512-fBHHqSTFLVnR61C+gltJuE5GkVQMV0S2nqUO8TJ+5Z3qAKG8vAx4FKai1s5jq/inV1+sREynIWSuQ6HgoSXpDQ==

fast-decode-uri-component@^1.0.1:
  version "1.0.1"
  resolved "https://registry.yarnpkg.com/fast-decode-uri-component/-/fast-decode-uri-component-1.0.1.tgz#46f8b6c22b30ff7a81357d4f59abfae938202543"
  integrity sha512-WKgKWg5eUxvRZGwW8FvfbaH7AXSh2cL+3j5fMGzUMCxWBJ3dV3a7Wz8y2f/uQ0e3B6WmodD3oS54jTQ9HVTIIg==

fast-deep-equal@^3.1.3:
  version "3.1.3"
  resolved "https://registry.yarnpkg.com/fast-deep-equal/-/fast-deep-equal-3.1.3.tgz#3a7d56b559d6cbc3eb512325244e619a65c6c525"
  integrity sha512-f3qQ9oQy9j2AhBe/H9VC91wLmKBCCU/gDOnKNAYG5hswO7BLKj09Hc5HYNz9cGI++xlpDCIgDaitVs03ATR84Q==

fast-json-stringify@^5.7.0, fast-json-stringify@^5.8.0:
  version "5.16.1"
  resolved "https://registry.yarnpkg.com/fast-json-stringify/-/fast-json-stringify-5.16.1.tgz#a6d0c575231a3a08c376a00171d757372f2ca46e"
  integrity sha512-KAdnLvy1yu/XrRtP+LJnxbBGrhN+xXu+gt3EUvZhYGKCr3lFHq/7UFJHHFgmJKoqlh6B40bZLEv7w46B0mqn1g==
  dependencies:
    "@fastify/merge-json-schemas" "^0.1.0"
    ajv "^8.10.0"
    ajv-formats "^3.0.1"
    fast-deep-equal "^3.1.3"
    fast-uri "^2.1.0"
    json-schema-ref-resolver "^1.0.1"
    rfdc "^1.2.0"

fast-querystring@^1.0.0:
  version "1.1.2"
  resolved "https://registry.yarnpkg.com/fast-querystring/-/fast-querystring-1.1.2.tgz#a6d24937b4fc6f791b4ee31dcb6f53aeafb89f53"
  integrity sha512-g6KuKWmFXc0fID8WWH0jit4g0AGBoJhCkJMb1RmbsSEUNvQ+ZC8D6CUZ+GtF8nMzSPXnhiePyyqqipzNNEnHjg==
  dependencies:
    fast-decode-uri-component "^1.0.1"

fast-redact@^3.0.0:
  version "3.0.2"
  resolved "https://registry.yarnpkg.com/fast-redact/-/fast-redact-3.0.2.tgz#c940ba7162dde3aeeefc522926ae8c5231412904"
  integrity sha512-YN+CYfCVRVMUZOUPeinHNKgytM1wPI/C/UCLEi56EsY2dwwvI00kIJHJoI7pMVqGoMew8SMZ2SSfHKHULHXDsg==

fast-uri@^2.0.0, fast-uri@^2.1.0:
  version "2.4.0"
  resolved "https://registry.yarnpkg.com/fast-uri/-/fast-uri-2.4.0.tgz#67eae6fbbe9f25339d5d3f4c4234787b65d7d55e"
  integrity sha512-ypuAmmMKInk5q7XcepxlnUWDLWv4GFtaJqAzWKqn62IpQ3pejtr5dTVbt3vwqVaMKmkNR55sTT+CqUKIaT21BA==

fast-uri@^3.0.1:
  version "3.0.1"
  resolved "https://registry.yarnpkg.com/fast-uri/-/fast-uri-3.0.1.tgz#cddd2eecfc83a71c1be2cc2ef2061331be8a7134"
  integrity sha512-MWipKbbYiYI0UC7cl8m/i/IWTqfC8YXsqjzybjddLsFjStroQzsHXkc73JutMvBiXmOvapk+axIl79ig5t55Bw==

fastify-warning@^0.2.0:
  version "0.2.0"
  resolved "https://registry.yarnpkg.com/fastify-warning/-/fastify-warning-0.2.0.tgz#e717776026a4493dc9a2befa44db6d17f618008f"
  integrity sha512-s1EQguBw/9qtc1p/WTY4eq9WMRIACkj+HTcOIK1in4MV5aFaQC9ZCIt0dJ7pr5bIf4lPpHvAtP2ywpTNgs7hqw==

fastify@^4.24.1:
  version "4.28.1"
  resolved "https://registry.yarnpkg.com/fastify/-/fastify-4.28.1.tgz#39626dedf445d702ef03818da33064440b469cd1"
  integrity sha512-kFWUtpNr4i7t5vY2EJPCN2KgMVpuqfU4NjnJNCgiNB900oiDeYqaNDRcAfeBbOF5hGixixxcKnOU4KN9z6QncQ==
  dependencies:
    "@fastify/ajv-compiler" "^3.5.0"
    "@fastify/error" "^3.4.0"
    "@fastify/fast-json-stringify-compiler" "^4.3.0"
    abstract-logging "^2.0.1"
    avvio "^8.3.0"
    fast-content-type-parse "^1.1.0"
    fast-json-stringify "^5.8.0"
    find-my-way "^8.0.0"
    light-my-request "^5.11.0"
    pino "^9.0.0"
    process-warning "^3.0.0"
    proxy-addr "^2.0.7"
    rfdc "^1.3.0"
    secure-json-parse "^2.7.0"
    semver "^7.5.4"
    toad-cache "^3.3.0"

fastq@^1.17.1:
  version "1.17.1"
  resolved "https://registry.yarnpkg.com/fastq/-/fastq-1.17.1.tgz#2a523f07a4e7b1e81a42b91b8bf2254107753b47"
  integrity sha512-sRVD3lWVIXWg6By68ZN7vho9a1pQcN/WBFaAAsDDFzlJjvoGx0P8z7V1t72grFJfJhu3YPZBuu25f7Kaw2jN1w==
  dependencies:
    reusify "^1.0.4"

find-my-way@^8.0.0:
  version "8.2.0"
  resolved "https://registry.yarnpkg.com/find-my-way/-/find-my-way-8.2.0.tgz#ef1b83d008114a300118c9c707d8dc65947d9960"
  integrity sha512-HdWXgFYc6b1BJcOBDBwjqWuHJj1WYiqrxSh25qtU4DabpMFdj/gSunNBQb83t+8Zt67D7CXEzJWTkxaShMTMOA==
  dependencies:
    fast-deep-equal "^3.1.3"
    fast-querystring "^1.0.0"
    safe-regex2 "^3.1.0"

forwarded@0.2.0:
  version "0.2.0"
  resolved "https://registry.yarnpkg.com/forwarded/-/forwarded-0.2.0.tgz#2269936428aad4c15c7ebe9779a84bf0b2a81811"
  integrity sha512-buRG0fpBtRHSTCOASe6hD258tEubFoRLb4ZNA6NxMVHNw2gOcwHo9wyablzMzOA5z9xA9L1KNjk/Nt6MT9aYow==

get-caller-file@^2.0.5:
  version "2.0.5"
  resolved "https://registry.yarnpkg.com/get-caller-file/-/get-caller-file-2.0.5.tgz#4f94412a82db32f36e3b0b9741f8a97feb031f7e"
  integrity sha512-DyFP3BM/3YHTQOCUL/w0OZHR0lpKeGrxotcHWcqNEdnltqFwXVfhEBQ94eIo34AfQpo0rGki4cyIiftY06h2Fg==

inherits@^2.0.3:
  version "2.0.4"
  resolved "https://registry.yarnpkg.com/inherits/-/inherits-2.0.4.tgz#0fa2c64f932917c3433a0ded55363aae37416b7c"
  integrity sha512-k/vGaX4/Yla3WzyMCvTQOXYeIHvqOKtnqBduzTHpzpQZzAskKMhZ2K+EnBiSM9zGSoIFeMpXKxa4dYeZIQqewQ==

ipaddr.js@1.9.1:
  version "1.9.1"
  resolved "https://registry.yarnpkg.com/ipaddr.js/-/ipaddr.js-1.9.1.tgz#bff38543eeb8984825079ff3a2a8e6cbd46781b3"
  integrity sha512-0KI/607xoxSToH7GjN1FfSbLoU0+btTicjsQSWQlh/hZykN8KpmMf7uYwPW3R+akZ6R/w18ZlXSHBYXiYUPO3g==

json-schema-ref-resolver@^1.0.1:
  version "1.0.1"
  resolved "https://registry.yarnpkg.com/json-schema-ref-resolver/-/json-schema-ref-resolver-1.0.1.tgz#6586f483b76254784fc1d2120f717bdc9f0a99bf"
  integrity sha512-EJAj1pgHc1hxF6vo2Z3s69fMjO1INq6eGHXZ8Z6wCQeldCuwxGK9Sxf4/cScGn3FZubCVUehfWtcDM/PLteCQw==
  dependencies:
    fast-deep-equal "^3.1.3"

json-schema-traverse@^1.0.0:
  version "1.0.0"
  resolved "https://registry.yarnpkg.com/json-schema-traverse/-/json-schema-traverse-1.0.0.tgz#ae7bcb3656ab77a73ba5c49bf654f38e6b6860e2"
  integrity sha512-NM8/P9n3XjXhIZn1lLhkFaACTOURQXjWhV4BA/RnOv8xvgqtqpAX9IO4mRQxSx1Rlo4tqzeqb0sOlruaOy3dug==

light-my-request@^5.11.0:
  version "5.13.0"
  resolved "https://registry.yarnpkg.com/light-my-request/-/light-my-request-5.13.0.tgz#b29905e55e8605b77fee2a946e17b219bca35113"
  integrity sha512-9IjUN9ZyCS9pTG+KqTDEQo68Sui2lHsYBrfMyVUTTZ3XhH8PMZq7xO94Kr+eP9dhi/kcKsx4N41p2IXEBil1pQ==
  dependencies:
    cookie "^0.6.0"
    process-warning "^3.0.0"
    set-cookie-parser "^2.4.1"

on-exit-leak-free@^0.2.0:
  version "0.2.0"
  resolved "https://registry.yarnpkg.com/on-exit-leak-free/-/on-exit-leak-free-0.2.0.tgz#b39c9e3bf7690d890f4861558b0d7b90a442d209"
  integrity sha512-dqaz3u44QbRXQooZLTUKU41ZrzYrcvLISVgbrzbyCMxpmSLJvZ3ZamIJIZ29P6OhZIkNIQKosdeM6t1LYbA9hg==

once@^1.4.0:
  version "1.4.0"
  resolved "https://registry.yarnpkg.com/once/-/once-1.4.0.tgz#583b1aa775961d4b113ac17d9c50baef9dd76bd1"
  integrity sha1-WDsap3WWHUsROsF9nFC6753Xa9E=
  dependencies:
    wrappy "1"

pino-abstract-transport@v0.5.0:
  version "0.5.0"
  resolved "https://registry.yarnpkg.com/pino-abstract-transport/-/pino-abstract-transport-0.5.0.tgz#4b54348d8f73713bfd14e3dc44228739aa13d9c0"
  integrity sha512-+KAgmVeqXYbTtU2FScx1XS3kNyfZ5TrXY07V96QnUSFqo2gAqlvmaxH67Lj7SWazqsMabf+58ctdTcBgnOLUOQ==
  dependencies:
    duplexify "^4.1.2"
    split2 "^4.0.0"

pino-std-serializers@^4.0.0:
  version "4.0.0"
  resolved "https://registry.yarnpkg.com/pino-std-serializers/-/pino-std-serializers-4.0.0.tgz#1791ccd2539c091ae49ce9993205e2cd5dbba1e2"
  integrity sha512-cK0pekc1Kjy5w9V2/n+8MkZwusa6EyyxfeQCB799CQRhRt/CqYKiWs5adeu8Shve2ZNffvfC/7J64A2PJo1W/Q==

pino@^7.5.1, pino@^9.0.0:
  version "7.5.1"
  resolved "https://registry.yarnpkg.com/pino/-/pino-7.5.1.tgz#6e4cd3389e9365caf64039d4b83dcfa84ed43fee"
  integrity sha512-Wzo2G7CLaRHKOz3+Ex006LC5Xi0xEUm+mwm/h0NKzuKZONdekcbmjXg7vWDoO8hVTGX+1RuUy2fwlzvZ24EI5A==
  dependencies:
    fast-redact "^3.0.0"
    fastify-warning "^0.2.0"
    get-caller-file "^2.0.5"
    on-exit-leak-free "^0.2.0"
    pino-abstract-transport v0.5.0
    pino-std-serializers "^4.0.0"
    quick-format-unescaped "^4.0.3"
    real-require "^0.1.0"
    safe-stable-stringify "^2.1.0"
    sonic-boom "^2.2.1"
    thread-stream "^0.13.0"

process-warning@^3.0.0:
  version "3.0.0"
  resolved "https://registry.yarnpkg.com/process-warning/-/process-warning-3.0.0.tgz#96e5b88884187a1dce6f5c3166d611132058710b"
  integrity sha512-mqn0kFRl0EoqhnL0GQ0veqFHyIN1yig9RHh/InzORTUiZHFRAur+aMtRkELNwGs9aNwKS6tg/An4NYBPGwvtzQ==

proxy-addr@^2.0.7:
  version "2.0.7"
  resolved "https://registry.yarnpkg.com/proxy-addr/-/proxy-addr-2.0.7.tgz#f19fe69ceab311eeb94b42e70e8c2070f9ba1025"
  integrity sha512-llQsMLSUDUPT44jdrU/O37qlnifitDP+ZwrmmZcoSKyLKvtZxpyV0n2/bD/N4tBAAZ/gJEdZU7KMraoK1+XYAg==
  dependencies:
    forwarded "0.2.0"
    ipaddr.js "1.9.1"

quick-format-unescaped@^4.0.3:
  version "4.0.4"
  resolved "https://registry.yarnpkg.com/quick-format-unescaped/-/quick-format-unescaped-4.0.4.tgz#93ef6dd8d3453cbc7970dd614fad4c5954d6b5a7"
  integrity sha512-tYC1Q1hgyRuHgloV/YXs2w15unPVh8qfu/qCTfhTYamaw7fyhumKa2yGpdSo87vY32rIclj+4fWYQXUMs9EHvg==

readable-stream@^3.1.1:
  version "3.6.0"
  resolved "https://registry.yarnpkg.com/readable-stream/-/readable-stream-3.6.0.tgz#337bbda3adc0706bd3e024426a286d4b4b2c9198"
  integrity sha512-BViHy7LKeTz4oNnkcLJ+lVSL6vpiFeX6/d3oSH8zCW7UxP2onchk+vTGB143xuFjHS3deTgkKoXXymXqymiIdA==
  dependencies:
    inherits "^2.0.3"
    string_decoder "^1.1.1"
    util-deprecate "^1.0.1"

real-require@^0.1.0:
  version "0.1.0"
  resolved "https://registry.yarnpkg.com/real-require/-/real-require-0.1.0.tgz#736ac214caa20632847b7ca8c1056a0767df9381"
  integrity sha512-r/H9MzAWtrv8aSVjPCMFpDMl5q66GqtmmRkRjpHTsp4zBAa+snZyiQNlMONiUmEJcsnaw0wCauJ2GWODr/aFkg==

require-from-string@^2.0.2:
  version "2.0.2"
  resolved "https://registry.yarnpkg.com/require-from-string/-/require-from-string-2.0.2.tgz#89a7fdd938261267318eafe14f9c32e598c36909"
  integrity sha512-Xf0nWe6RseziFMu+Ap9biiUbmplq6S9/p+7w7YXP/JBHhrUDDUhwa+vANyubuqfZWTveU//DYVGsDG7RKL/vEw==

ret@~0.4.0:
  version "0.4.3"
  resolved "https://registry.yarnpkg.com/ret/-/ret-0.4.3.tgz#5243fa30e704a2e78a9b9b1e86079e15891aa85c"
  integrity sha512-0f4Memo5QP7WQyUEAYUO3esD/XjOc3Zjjg5CPsAq1p8sIu0XPeMbHJemKA0BO7tV0X7+A0FoEpbmHXWxPyD3wQ==

reusify@^1.0.4:
  version "1.0.4"
  resolved "https://registry.yarnpkg.com/reusify/-/reusify-1.0.4.tgz#90da382b1e126efc02146e90845a88db12925d76"
  integrity sha512-U9nH88a3fc/ekCF1l0/UP1IosiuIjyTh7hBvXVMHYgVcfGvt897Xguj2UOLDeI5BG2m7/uwyaLVT6fbtCwTyzw==

rfdc@^1.2.0:
  version "1.3.0"
  resolved "https://registry.yarnpkg.com/rfdc/-/rfdc-1.3.0.tgz#d0b7c441ab2720d05dc4cf26e01c89631d9da08b"
  integrity sha512-V2hovdzFbOi77/WajaSMXk2OLm+xNIeQdMMuB7icj7bk6zi2F8GGAxigcnDFpJHbNyNcgyJDiP+8nOrY5cZGrA==

rfdc@^1.3.0:
  version "1.4.1"
  resolved "https://registry.yarnpkg.com/rfdc/-/rfdc-1.4.1.tgz#778f76c4fb731d93414e8f925fbecf64cce7f6ca"
  integrity sha512-q1b3N5QkRUWUl7iyylaaj3kOpIT0N2i9MqIEQXP73GVsN9cw3fdx8X63cEmWhJGi2PPCF23Ijp7ktmd39rawIA==

safe-buffer@~5.2.0:
  version "5.2.1"
  resolved "https://registry.yarnpkg.com/safe-buffer/-/safe-buffer-5.2.1.tgz#1eaf9fa9bdb1fdd4ec75f58f9cdb4e6b7827eec6"
  integrity sha512-rp3So07KcdmmKbGvgaNxQSJr7bGVSVk5S9Eq1F+ppbRo70+YeaDxkw5Dd8NPN+GD6bjnYm2VuPuCXmpuYvmCXQ==

safe-regex2@^3.1.0:
  version "3.1.0"
  resolved "https://registry.yarnpkg.com/safe-regex2/-/safe-regex2-3.1.0.tgz#fd7ec23908e2c730e1ce7359a5b72883a87d2763"
  integrity sha512-RAAZAGbap2kBfbVhvmnTFv73NWLMvDGOITFYTZBAaY8eR+Ir4ef7Up/e7amo+y1+AH+3PtLkrt9mvcTsG9LXug==
  dependencies:
    ret "~0.4.0"

safe-stable-stringify@^2.1.0:
  version "2.3.1"
  resolved "https://registry.yarnpkg.com/safe-stable-stringify/-/safe-stable-stringify-2.3.1.tgz#ab67cbe1fe7d40603ca641c5e765cb942d04fc73"
  integrity sha512-kYBSfT+troD9cDA85VDnHZ1rpHC50O0g1e6WlGHVCz/g+JS+9WKLj+XwFYyR8UbrZN8ll9HUpDAAddY58MGisg==

secure-json-parse@^2.7.0:
  version "2.7.0"
  resolved "https://registry.yarnpkg.com/secure-json-parse/-/secure-json-parse-2.7.0.tgz#5a5f9cd6ae47df23dba3151edd06855d47e09862"
  integrity sha512-6aU+Rwsezw7VR8/nyvKTx8QpWH9FrcYiXXlqC4z5d5XQBDRqtbfsRjnwGyqbi3gddNtWHuEk9OANUotL26qKUw==

semver@^5.3.0:
  version "5.7.1"
  resolved "https://registry.yarnpkg.com/semver/-/semver-5.7.1.tgz#a954f931aeba508d307bbf069eff0c01c96116f7"
  integrity sha512-sauaDf/PZdVgrLTNYHRtpXa1iRiKcaebiKQ1BJdpQlWH2lCvexQdX55snPFyK7QzpudqbCI0qXFfOasHdyNDGQ==

semver@^7.5.4:
  version "7.6.3"
  resolved "https://registry.yarnpkg.com/semver/-/semver-7.6.3.tgz#980f7b5550bc175fb4dc09403085627f9eb33143"
  integrity sha512-oVekP1cKtI+CTDvHWYFUcMtsK/00wmAEfyqKfNdARm8u1wNVhSgaX7A8d4UuIlUI5e84iEwOhs7ZPYRmzU9U6A==

set-cookie-parser@^2.4.1:
  version "2.4.8"
  resolved "https://registry.yarnpkg.com/set-cookie-parser/-/set-cookie-parser-2.4.8.tgz#d0da0ed388bc8f24e706a391f9c9e252a13c58b2"
  integrity sha512-edRH8mBKEWNVIVMKejNnuJxleqYE/ZSdcT8/Nem9/mmosx12pctd80s2Oy00KNZzrogMZS5mauK2/ymL1bvlvg==

sonic-boom@^2.2.1:
  version "2.4.1"
  resolved "https://registry.yarnpkg.com/sonic-boom/-/sonic-boom-2.4.1.tgz#6e1c3762c677425c6ffbd7bd106c4f8258b45b39"
  integrity sha512-WgtVLfGl347/zS1oTuLaOAvVD5zijgjphAJHgbbnBJGgexnr+C1ULSj0j7ftoGxpuxR4PaV635NkwFemG8m/5w==
  dependencies:
    atomic-sleep "^1.0.0"

split2@^4.0.0:
  version "4.1.0"
  resolved "https://registry.yarnpkg.com/split2/-/split2-4.1.0.tgz#101907a24370f85bb782f08adaabe4e281ecf809"
  integrity sha512-VBiJxFkxiXRlUIeyMQi8s4hgvKCSjtknJv/LVYbrgALPwf5zSKmEwV9Lst25AkvMDnvxODugjdl6KZgwKM1WYQ==

stream-shift@^1.0.0:
  version "1.0.1"
  resolved "https://registry.yarnpkg.com/stream-shift/-/stream-shift-1.0.1.tgz#d7088281559ab2778424279b0877da3c392d5a3d"
  integrity sha512-AiisoFqQ0vbGcZgQPY1cdP2I76glaVA/RauYR4G4thNFgkTqr90yXTo4LYX60Jl+sIlPNHHdGSwo01AvbKUSVQ==

string_decoder@^1.1.1:
  version "1.3.0"
  resolved "https://registry.yarnpkg.com/string_decoder/-/string_decoder-1.3.0.tgz#42f114594a46cf1a8e30b0a84f56c78c3edac21e"
  integrity sha512-hkRX8U1WjJFd8LsDJ2yQ/wWWxaopEsABU1XfkM8A+j0+85JAGppt16cr1Whg6KIbb4okU6Mql6BOj+uup/wKeA==
  dependencies:
    safe-buffer "~5.2.0"

thread-stream@^0.13.0:
  version "0.13.0"
  resolved "https://registry.yarnpkg.com/thread-stream/-/thread-stream-0.13.0.tgz#c68054bdea250c5d8d400caa3233a150d5461cca"
  integrity sha512-kTMZeX4Dzlb1zZ00/01aerGaTw2i8NE4sWF0TvF1uXewRhCiUjCvatQkvxIvFqauWG2ADFS2Wpd3qBeYL9i3dg==
  dependencies:
    real-require "^0.1.0"

toad-cache@^3.3.0:
  version "3.7.0"
  resolved "https://registry.yarnpkg.com/toad-cache/-/toad-cache-3.7.0.tgz#b9b63304ea7c45ec34d91f1d2fa513517025c441"
  integrity sha512-/m8M+2BJUpoJdgAHoG+baCwBT+tf2VraSfkBgl0Y00qIWt41DJ8R5B8nsEw0I58YwF5IZH6z24/2TobDKnqSWw==

util-deprecate@^1.0.1:
  version "1.0.2"
  resolved "https://registry.yarnpkg.com/util-deprecate/-/util-deprecate-1.0.2.tgz#450d4dc9fa70de732762fbd2d4a28981419a0ccf"
  integrity sha1-RQ1Nyfpw3nMnYvvS1KKJgUGaDM8=

wrappy@1:
  version "1.0.2"
  resolved "https://registry.yarnpkg.com/wrappy/-/wrappy-1.0.2.tgz#b5243d8f3ec1aa35f1364605bc0d1036e30ab69f"
  integrity sha1-tSQ9jz7BqjXxNkYFvA0QNuMKtp8=

yarn-tools@^0.4.1:
  version "0.4.1"
  resolved "https://registry.yarnpkg.com/yarn-tools/-/yarn-tools-0.4.1.tgz#f25dc34032b5dba57f5bf88c5742722b2240597a"
  integrity sha512-8BOSXyf4qeLQPdn19vTFCufyvqVH7zUvYOW6EoRrvVYiHdg98NTiKzUoDH3Gx3wftK9byz1o/k1OrTcf8xwWtQ==
  dependencies:
    "@yarnpkg/lockfile" "^1.0.0"
    commander "^2.10.0"
    semver "^5.3.0"
